
Microsoft Visual Studio Solution File, Format Version 12.00
# Visual Studio Version 17
VisualStudioVersion = 17.7.34202.233
MinimumVisualStudioVersion = 10.0.40219.1
Project("{FAE04EC0-301F-11D3-BF4B-00C04F79EFBC}") = "NetCoreApiTokenAuth", "NetCoreApiTokenAuth\NetCoreApiTokenAuth.csproj", "{64ED3FDB-6D61-4989-AE64-12ED2C283C68}"
EndProject
Global
	GlobalSection(SolutionConfigurationPlatforms) = preSolution
		Debug|Any CPU = Debug|Any CPU
		Release|Any CPU = Release|Any CPU
	EndGlobalSection
	GlobalSection(ProjectConfigurationPlatforms) = postSolution
		{64ED3FDB-6D61-4989-AE64-12ED2C283C68}.Debug|Any CPU.ActiveCfg = Debug|Any CPU
		{64ED3FDB-6D61-4989-AE64-12ED2C283C68}.Debug|Any CPU.Build.0 = Debug|Any CPU
		{64ED3FDB-6D61-4989-AE64-12ED2C283C68}.Release|Any CPU.ActiveCfg = Release|Any CPU
		{64ED3FDB-6D61-4989-AE64-12ED2C283C68}.Release|Any CPU.Build.0 = Release|Any CPU
	EndGlobalSection
	GlobalSection(SolutionProperties) = preSolution
		HideSolutionNode = FALSE
	EndGlobalSection
	GlobalSection(ExtensibilityGlobals) = postSolution
		SolutionGuid = {DD99642F-24E0-4A08-B037-50F6059C8A23}
	EndGlobalSection
EndGlobal
